
Microsoft Visual Studio Solution File, Format Version 12.00
# Visual Studio 15
VisualStudioVersion = 15.0.28010.2050
MinimumVisualStudioVersion = 10.0.40219.1
Project("{9A19103F-16F7-4668-BE54-9A1E7A4F7556}") = "CounterApi", "CounterApi\CounterApi.csproj", "{9045C8E4-A958-4A52-B296-4AF2A4280071}"
EndProject
Project("{9A19103F-16F7-4668-BE54-9A1E7A4F7556}") = "CounterUI", "CounterUI\CounterUI.csproj", "{26EC25C4-6A4C-4FC7-BE2E-601762F2AE08}"
EndProject
Global
	GlobalSection(SolutionConfigurationPlatforms) = preSolution
		Debug|Any CPU = Debug|Any CPU
		Release|Any CPU = Release|Any CPU
	EndGlobalSection
	GlobalSection(ProjectConfigurationPlatforms) = postSolution
		{9045C8E4-A958-4A52-B296-4AF2A4280071}.Debug|Any CPU.ActiveCfg = Debug|Any CPU
		{9045C8E4-A958-4A52-B296-4AF2A4280071}.Debug|Any CPU.Build.0 = Debug|Any CPU
		{9045C8E4-A958-4A52-B296-4AF2A4280071}.Release|Any CPU.ActiveCfg = Release|Any CPU
		{9045C8E4-A958-4A52-B296-4AF2A4280071}.Release|Any CPU.Build.0 = Release|Any CPU
		{26EC25C4-6A4C-4FC7-BE2E-601762F2AE08}.Debug|Any CPU.ActiveCfg = Debug|Any CPU
		{26EC25C4-6A4C-4FC7-BE2E-601762F2AE08}.Debug|Any CPU.Build.0 = Debug|Any CPU
		{26EC25C4-6A4C-4FC7-BE2E-601762F2AE08}.Release|Any CPU.ActiveCfg = Release|Any CPU
		{26EC25C4-6A4C-4FC7-BE2E-601762F2AE08}.Release|Any CPU.Build.0 = Release|Any CPU
	EndGlobalSection
	GlobalSection(SolutionProperties) = preSolution
		HideSolutionNode = FALSE
	EndGlobalSection
	GlobalSection(ExtensibilityGlobals) = postSolution
		SolutionGuid = {FA432750-D80B-4573-91A6-F76727584001}
	EndGlobalSection
EndGlobal
